// !$*UTF8*$!
{
	archiveVersion = 1;
	classes = {
	};
	objectVersion = 46;
	objects = {

/* Begin PBXFileReference section */
		A50DCAE11C6141B900BE358D /* Makefile */ = {isa = PBXFileReference; fileEncoding = 4; lastKnownFileType = sourcecode.make; name = Makefile; path = ../Makefile; sourceTree = "<group>"; };
		A50DCAE31C6141B900BE358D /* Drawable.h */ = {isa = PBXFileReference; fileEncoding = 4; lastKnownFileType = sourcecode.c.h; path = Drawable.h; sourceTree = "<group>"; };
		A50DCAE41C6141B900BE358D /* imageAssets.c */ = {isa = PBXFileReference; fileEncoding = 4; lastKnownFileType = sourcecode.c.c; path = imageAssets.c; sourceTree = "<group>"; };
		A50DCAE51C6141B900BE358D /* imageAssets.h */ = {isa = PBXFileReference; fileEncoding = 4; lastKnownFileType = sourcecode.c.h; path = imageAssets.h; sourceTree = "<group>"; };
		A50DCAE61C6141B900BE358D /* main.c */ = {isa = PBXFileReference; fileEncoding = 4; lastKnownFileType = sourcecode.c.c; path = main.c; sourceTree = "<group>"; };
		A50DCAE71C6141B900BE358D /* sprite.c */ = {isa = PBXFileReference; fileEncoding = 4; lastKnownFileType = sourcecode.c.c; path = sprite.c; sourceTree = "<group>"; };
		A50DCAE81C6141B900BE358D /* sprite.h */ = {isa = PBXFileReference; fileEncoding = 4; lastKnownFileType = sourcecode.c.h; path = sprite.h; sourceTree = "<group>"; };
		A50DCAE91C6141B900BE358D /* test.h */ = {isa = PBXFileReference; fileEncoding = 4; lastKnownFileType = sourcecode.c.h; path = test.h; sourceTree = "<group>"; };
/* End PBXFileReference section */

/* Begin PBXGroup section */
		A50DCAD61C6141AC00BE358D = {
			isa = PBXGroup;
			children = (
				A50DCAE11C6141B900BE358D /* Makefile */,
				A50DCAE21C6141B900BE358D /* src */,
			);
			sourceTree = "<group>";
		};
		A50DCAE21C6141B900BE358D /* src */ = {
			isa = PBXGroup;
			children = (
				A50DCAE31C6141B900BE358D /* Drawable.h */,
				A50DCAE41C6141B900BE358D /* imageAssets.c */,
				A50DCAE51C6141B900BE358D /* imageAssets.h */,
				A50DCAE61C6141B900BE358D /* main.c */,
				A50DCAE71C6141B900BE358D /* sprite.c */,
				A50DCAE81C6141B900BE358D /* sprite.h */,
				A50DCAE91C6141B900BE358D /* test.h */,
			);
			name = src;
			path = ../src;
			sourceTree = "<group>";
		};
/* End PBXGroup section */

/* Begin PBXLegacyTarget section */
		A50DCADB1C6141AC00BE358D /* bitinvaders */ = {
			isa = PBXLegacyTarget;
			buildArgumentsString = "VERBOSE=1 emu";
			buildConfigurationList = A50DCADE1C6141AC00BE358D /* Build configuration list for PBXLegacyTarget "bitinvaders" */;
			buildPhases = (
			);
			buildToolPath = /usr/bin/make;
			buildWorkingDirectory = "/Users/andybest/dev/embedded/bitbox/bitbox-projects/bitinvaders";
			dependencies = (
			);
			name = bitinvaders;
			passBuildSettingsInEnvironment = 1;
			productName = bitinvaders;
		};
/* End PBXLegacyTarget section */

/* Begin PBXProject section */
		A50DCAD71C6141AC00BE358D /* Project object */ = {
			isa = PBXProject;
			attributes = {
				LastUpgradeCheck = 0720;
				ORGANIZATIONNAME = "Andy Best";
				TargetAttributes = {
					A50DCADB1C6141AC00BE358D = {
						CreatedOnToolsVersion = 7.2;
					};
				};
			};
			buildConfigurationList = A50DCADA1C6141AC00BE358D /* Build configuration list for PBXProject "bitinvaders" */;
			compatibilityVersion = "Xcode 3.2";
			developmentRegion = English;
			hasScannedForEncodings = 0;
			knownRegions = (
				en,
			);
			mainGroup = A50DCAD61C6141AC00BE358D;
			projectDirPath = "";
			projectRoot = "";
			targets = (
				A50DCADB1C6141AC00BE358D /* bitinvaders */,
			);
		};
/* End PBXProject section */

/* Begin XCBuildConfiguration section */
		A50DCADC1C6141AC00BE358D /* Debug */ = {
			isa = XCBuildConfiguration;
			buildSettings = {
				ALWAYS_SEARCH_USER_PATHS = NO;
				BITBOX = "~/dev/embedded/bitbox/bitbox";
				CLANG_CXX_LANGUAGE_STANDARD = "gnu++0x";
				CLANG_CXX_LIBRARY = "libc++";
				CLANG_ENABLE_MODULES = YES;
				CLANG_ENABLE_OBJC_ARC = YES;
				CLANG_WARN_BOOL_CONVERSION = YES;
				CLANG_WARN_CONSTANT_CONVERSION = YES;
				CLANG_WARN_DIRECT_OBJC_ISA_USAGE = YES_ERROR;
				CLANG_WARN_EMPTY_BODY = YES;
				CLANG_WARN_ENUM_CONVERSION = YES;
				CLANG_WARN_INT_CONVERSION = YES;
				CLANG_WARN_OBJC_ROOT_CLASS = YES_ERROR;
				CLANG_WARN_UNREACHABLE_CODE = YES;
				CLANG_WARN__DUPLICATE_METHOD_MATCH = YES;
				COPY_PHASE_STRIP = NO;
				DEBUG_INFORMATION_FORMAT = dwarf;
				ENABLE_STRICT_OBJC_MSGSEND = YES;
				ENABLE_TESTABILITY = YES;
				GCC_C_LANGUAGE_STANDARD = gnu99;
				GCC_DYNAMIC_NO_PIC = NO;
				GCC_NO_COMMON_BLOCKS = YES;
				GCC_OPTIMIZATION_LEVEL = 0;
				GCC_PREPROCESSOR_DEFINITIONS = (
					"DEBUG=1",
					"$(inherited)",
				);
				GCC_WARN_64_TO_32_BIT_CONVERSION = YES;
				GCC_WARN_ABOUT_RETURN_TYPE = YES_ERROR;
				GCC_WARN_UNDECLARED_SELECTOR = YES;
				GCC_WARN_UNINITIALIZED_AUTOS = YES_AGGRESSIVE;
				GCC_WARN_UNUSED_FUNCTION = YES;
				GCC_WARN_UNUSED_VARIABLE = YES;
				MTL_ENABLE_DEBUG_INFO = YES;
				ONLY_ACTIVE_ARCH = YES;
			};
			name = Debug;
		};
		A50DCADD1C6141AC00BE358D /* Release */ = {
			isa = XCBuildConfiguration;
			buildSettings = {
				ALWAYS_SEARCH_USER_PATHS = NO;
				BITBOX = "~/dev/embedded/bitbox/bitbox";
				CLANG_CXX_LANGUAGE_STANDARD = "gnu++0x";
				CLANG_CXX_LIBRARY = "libc++";
				CLANG_ENABLE_MODULES = YES;
				CLANG_ENABLE_OBJC_ARC = YES;
				CLANG_WARN_BOOL_CONVERSION = YES;
				CLANG_WARN_CONSTANT_CONVERSION = YES;
				CLANG_WARN_DIRECT_OBJC_ISA_USAGE = YES_ERROR;
				CLANG_WARN_EMPTY_BODY = YES;
				CLANG_WARN_ENUM_CONVERSION = YES;
				CLANG_WARN_INT_CONVERSION = YES;
				CLANG_WARN_OBJC_ROOT_CLASS = YES_ERROR;
				CLANG_WARN_UNREACHABLE_CODE = YES;
				CLANG_WARN__DUPLICATE_METHOD_MATCH = YES;
				COPY_PHASE_STRIP = NO;
				DEBUG_INFORMATION_FORMAT = "dwarf-with-dsym";
				ENABLE_NS_ASSERTIONS = NO;
				ENABLE_STRICT_OBJC_MSGSEND = YES;
				GCC_C_LANGUAGE_STANDARD = gnu99;
				GCC_NO_COMMON_BLOCKS = YES;
				GCC_WARN_64_TO_32_BIT_CONVERSION = YES;
				GCC_WARN_ABOUT_RETURN_TYPE = YES_ERROR;
				GCC_WARN_UNDECLARED_SELECTOR = YES;
				GCC_WARN_UNINITIALIZED_AUTOS = YES_AGGRESSIVE;
				GCC_WARN_UNUSED_FUNCTION = YES;
				GCC_WARN_UNUSED_VARIABLE = YES;
				MTL_ENABLE_DEBUG_INFO = NO;
			};
			name = Release;
		};
		A50DCADF1C6141AC00BE358D /* Debug */ = {
			isa = XCBuildConfiguration;
			buildSettings = {
				BITBOX = "~/dev/embedded/bitbox/bitbox";
				DEBUGGING_SYMBOLS = YES;
				DEBUG_INFORMATION_FORMAT = dwarf;
				GCC_GENERATE_DEBUGGING_SYMBOLS = YES;
				GCC_OPTIMIZATION_LEVEL = 0;
				OTHER_CFLAGS = "";
				OTHER_LDFLAGS = "";
				PRODUCT_NAME = "$(TARGET_NAME)";
			};
			name = Debug;
		};
		A50DCAE01C6141AC00BE358D /* Release */ = {
			isa = XCBuildConfiguration;
			buildSettings = {
				BITBOX = "~/dev/embedded/bitbox/bitbox";
				DEBUG_INFORMATION_FORMAT = "dwarf-with-dsym";
				OTHER_CFLAGS = "";
				OTHER_LDFLAGS = "";
				PRODUCT_NAME = "$(TARGET_NAME)";
			};
			name = Release;
		};
/* End XCBuildConfiguration section */

/* Begin XCConfigurationList section */
		A50DCADA1C6141AC00BE358D /* Build configuration list for PBXProject "bitinvaders" */ = {
			isa = XCConfigurationList;
			buildConfigurations = (
				A50DCADC1C6141AC00BE358D /* Debug */,
				A50DCADD1C6141AC00BE358D /* Release */,
			);
			defaultConfigurationIsVisible = 0;
			defaultConfigurationName = Release;
		};
		A50DCADE1C6141AC00BE358D /* Build configuration list for PBXLegacyTarget "bitinvaders" */ = {
			isa = XCConfigurationList;
			buildConfigurations = (
				A50DCADF1C6141AC00BE358D /* Debug */,
				A50DCAE01C6141AC00BE358D /* Release */,
			);
			defaultConfigurationIsVisible = 0;
			defaultConfigurationName = Release;
		};
/* End XCConfigurationList section */
	};
	rootObject = A50DCAD71C6141AC00BE358D /* Project object */;
}
